
Microsoft Visual Studio Solution File, Format Version 12.00
# Visual Studio Version 17
VisualStudioVersion = 17.3.32929.385
MinimumVisualStudioVersion = 10.0.40219.1
Project("{FAE04EC0-301F-11D3-BF4B-00C04F79EFBC}") = "dateTimeFormats", "dateTimeFormats\dateTimeFormats.csproj", "{F3A89984-5CFD-4E0D-8A49-EDAF7D956BCB}"
EndProject
Global
	GlobalSection(SolutionConfigurationPlatforms) = preSolution
		Debug|Any CPU = Debug|Any CPU
		Release|Any CPU = Release|Any CPU
	EndGlobalSection
	GlobalSection(ProjectConfigurationPlatforms) = postSolution
		{F3A89984-5CFD-4E0D-8A49-EDAF7D956BCB}.Debug|Any CPU.ActiveCfg = Debug|Any CPU
		{F3A89984-5CFD-4E0D-8A49-EDAF7D956BCB}.Debug|Any CPU.Build.0 = Debug|Any CPU
		{F3A89984-5CFD-4E0D-8A49-EDAF7D956BCB}.Release|Any CPU.ActiveCfg = Release|Any CPU
		{F3A89984-5CFD-4E0D-8A49-EDAF7D956BCB}.Release|Any CPU.Build.0 = Release|Any CPU
	EndGlobalSection
	GlobalSection(SolutionProperties) = preSolution
		HideSolutionNode = FALSE
	EndGlobalSection
	GlobalSection(ExtensibilityGlobals) = postSolution
		SolutionGuid = {476BC248-0780-4444-8C12-1493E16DBE8A}
	EndGlobalSection
EndGlobal
