
Microsoft Visual Studio Solution File, Format Version 12.00
# Visual Studio Version 17
VisualStudioVersion = 17.3.32929.385
MinimumVisualStudioVersion = 10.0.40219.1
Project("{FAE04EC0-301F-11D3-BF4B-00C04F79EFBC}") = "ifElseif", "ifElseif\ifElseif.csproj", "{4CE9ACF1-7FE9-46DE-B7BD-1C00EBBA130E}"
EndProject
Global
	GlobalSection(SolutionConfigurationPlatforms) = preSolution
		Debug|Any CPU = Debug|Any CPU
		Release|Any CPU = Release|Any CPU
	EndGlobalSection
	GlobalSection(ProjectConfigurationPlatforms) = postSolution
		{4CE9ACF1-7FE9-46DE-B7BD-1C00EBBA130E}.Debug|Any CPU.ActiveCfg = Debug|Any CPU
		{4CE9ACF1-7FE9-46DE-B7BD-1C00EBBA130E}.Debug|Any CPU.Build.0 = Debug|Any CPU
		{4CE9ACF1-7FE9-46DE-B7BD-1C00EBBA130E}.Release|Any CPU.ActiveCfg = Release|Any CPU
		{4CE9ACF1-7FE9-46DE-B7BD-1C00EBBA130E}.Release|Any CPU.Build.0 = Release|Any CPU
	EndGlobalSection
	GlobalSection(SolutionProperties) = preSolution
		HideSolutionNode = FALSE
	EndGlobalSection
	GlobalSection(ExtensibilityGlobals) = postSolution
		SolutionGuid = {E1BA0DC8-AC55-4E0F-BD07-DFB47931DA9C}
	EndGlobalSection
EndGlobal
