
Microsoft Visual Studio Solution File, Format Version 12.00
# Visual Studio Version 17
VisualStudioVersion = 17.3.32929.385
MinimumVisualStudioVersion = 10.0.40219.1
Project("{FAE04EC0-301F-11D3-BF4B-00C04F79EFBC}") = "incrementDecrementOperator", "incrementDecrementOperator\incrementDecrementOperator.csproj", "{4760AE1A-F939-4E3E-83E6-915C36EC87E4}"
EndProject
Global
	GlobalSection(SolutionConfigurationPlatforms) = preSolution
		Debug|Any CPU = Debug|Any CPU
		Release|Any CPU = Release|Any CPU
	EndGlobalSection
	GlobalSection(ProjectConfigurationPlatforms) = postSolution
		{4760AE1A-F939-4E3E-83E6-915C36EC87E4}.Debug|Any CPU.ActiveCfg = Debug|Any CPU
		{4760AE1A-F939-4E3E-83E6-915C36EC87E4}.Debug|Any CPU.Build.0 = Debug|Any CPU
		{4760AE1A-F939-4E3E-83E6-915C36EC87E4}.Release|Any CPU.ActiveCfg = Release|Any CPU
		{4760AE1A-F939-4E3E-83E6-915C36EC87E4}.Release|Any CPU.Build.0 = Release|Any CPU
	EndGlobalSection
	GlobalSection(SolutionProperties) = preSolution
		HideSolutionNode = FALSE
	EndGlobalSection
	GlobalSection(ExtensibilityGlobals) = postSolution
		SolutionGuid = {920333A3-4B80-44D0-9A70-0EE6E4D8D1BD}
	EndGlobalSection
EndGlobal
