
Microsoft Visual Studio Solution File, Format Version 12.00
# Visual Studio Version 17
VisualStudioVersion = 17.3.32929.385
MinimumVisualStudioVersion = 10.0.40219.1
Project("{FAE04EC0-301F-11D3-BF4B-00C04F79EFBC}") = "staticClass", "staticClass\staticClass.csproj", "{AD6EEC7F-4B3A-4A04-BF06-48788A4C65A8}"
EndProject
Global
	GlobalSection(SolutionConfigurationPlatforms) = preSolution
		Debug|Any CPU = Debug|Any CPU
		Release|Any CPU = Release|Any CPU
	EndGlobalSection
	GlobalSection(ProjectConfigurationPlatforms) = postSolution
		{AD6EEC7F-4B3A-4A04-BF06-48788A4C65A8}.Debug|Any CPU.ActiveCfg = Debug|Any CPU
		{AD6EEC7F-4B3A-4A04-BF06-48788A4C65A8}.Debug|Any CPU.Build.0 = Debug|Any CPU
		{AD6EEC7F-4B3A-4A04-BF06-48788A4C65A8}.Release|Any CPU.ActiveCfg = Release|Any CPU
		{AD6EEC7F-4B3A-4A04-BF06-48788A4C65A8}.Release|Any CPU.Build.0 = Release|Any CPU
	EndGlobalSection
	GlobalSection(SolutionProperties) = preSolution
		HideSolutionNode = FALSE
	EndGlobalSection
	GlobalSection(ExtensibilityGlobals) = postSolution
		SolutionGuid = {6403FBB3-B814-4310-950A-50E93C10C298}
	EndGlobalSection
EndGlobal
