
Microsoft Visual Studio Solution File, Format Version 12.00
# Visual Studio Version 17
VisualStudioVersion = 17.3.32929.385
MinimumVisualStudioVersion = 10.0.40219.1
Project("{FAE04EC0-301F-11D3-BF4B-00C04F79EFBC}") = "stringbuilder", "stringbuilder\stringbuilder.csproj", "{72CB7A42-EB6B-48D4-9037-C24A18EA37BE}"
EndProject
Global
	GlobalSection(SolutionConfigurationPlatforms) = preSolution
		Debug|Any CPU = Debug|Any CPU
		Release|Any CPU = Release|Any CPU
	EndGlobalSection
	GlobalSection(ProjectConfigurationPlatforms) = postSolution
		{72CB7A42-EB6B-48D4-9037-C24A18EA37BE}.Debug|Any CPU.ActiveCfg = Debug|Any CPU
		{72CB7A42-EB6B-48D4-9037-C24A18EA37BE}.Debug|Any CPU.Build.0 = Debug|Any CPU
		{72CB7A42-EB6B-48D4-9037-C24A18EA37BE}.Release|Any CPU.ActiveCfg = Release|Any CPU
		{72CB7A42-EB6B-48D4-9037-C24A18EA37BE}.Release|Any CPU.Build.0 = Release|Any CPU
	EndGlobalSection
	GlobalSection(SolutionProperties) = preSolution
		HideSolutionNode = FALSE
	EndGlobalSection
	GlobalSection(ExtensibilityGlobals) = postSolution
		SolutionGuid = {42EC49B2-4B85-40C0-AFC9-C01D56F386E5}
	EndGlobalSection
EndGlobal
